
Microsoft Visual Studio Solution File, Format Version 12.00
# Visual Studio 15
VisualStudioVersion = 15.0.28307.136
MinimumVisualStudioVersion = 10.0.40219.1
Project("{9A19103F-16F7-4668-BE54-9A1E7A4F7556}") = "CampIntro", "CampIntro\CampIntro.csproj", "{EDAD1799-26C9-49FF-914F-25147CCE4D1C}"
EndProject
Project("{9A19103F-16F7-4668-BE54-9A1E7A4F7556}") = "Loops", "Loops\Loops.csproj", "{41D46513-CF99-47E3-BF03-A3017F3C1B32}"
EndProject
Project("{9A19103F-16F7-4668-BE54-9A1E7A4F7556}") = "ClassIntro", "ClassIntro\ClassIntro.csproj", "{A085A31C-7080-4D8D-B1AF-481DDCFE29AF}"
EndProject
Project("{9A19103F-16F7-4668-BE54-9A1E7A4F7556}") = "Methods", "Methods\Methods.csproj", "{BD8BD2B7-2B83-425F-8AAE-A7073CBC3CF2}"
EndProject
Project("{9A19103F-16F7-4668-BE54-9A1E7A4F7556}") = "Math", "Math\Math.csproj", "{4C95419D-3A5F-446D-A4E5-4E9196FE180D}"
EndProject
Project("{9A19103F-16F7-4668-BE54-9A1E7A4F7556}") = "ValueAndReferenceTypes", "ValueAndReferenceTypes\ValueAndReferenceTypes.csproj", "{F61AB3BF-4A09-47C2-A8E0-70A55239F914}"
EndProject
Project("{9A19103F-16F7-4668-BE54-9A1E7A4F7556}") = "ClassMetotDemo", "BankaMusteriTakibi-Odev3\ClassMetotDemo.csproj", "{5DBE79D6-CCEC-44CA-94A2-10ED359260E0}"
EndProject
Project("{9A19103F-16F7-4668-BE54-9A1E7A4F7556}") = "OOP1", "OOP1\OOP1.csproj", "{92BF1476-D5A7-4038-9899-8C3C88183754}"
EndProject
Project("{9A19103F-16F7-4668-BE54-9A1E7A4F7556}") = "Collections", "Collections\Collections.csproj", "{F901D6B1-CFC0-48EB-9382-792B46AEE9AF}"
EndProject
Project("{9A19103F-16F7-4668-BE54-9A1E7A4F7556}") = "GenericsIntro", "GenericsIntro\GenericsIntro.csproj", "{85852231-0A89-4DCA-8CB3-7E96290B313E}"
EndProject
Project("{9A19103F-16F7-4668-BE54-9A1E7A4F7556}") = "Deneme", "Deneme\Deneme.csproj", "{F17E3E34-B358-499B-9540-896962F93B86}"
EndProject
Project("{FAE04EC0-301F-11D3-BF4B-00C04F79EFBC}") = "ReferenceTypes", "ReferenceTypes\ReferenceTypes.csproj", "{8032C4BE-5F1C-4EF7-A5DC-D2840B41A3CC}"
EndProject
Global
	GlobalSection(SolutionConfigurationPlatforms) = preSolution
		Debug|Any CPU = Debug|Any CPU
		Release|Any CPU = Release|Any CPU
	EndGlobalSection
	GlobalSection(ProjectConfigurationPlatforms) = postSolution
		{EDAD1799-26C9-49FF-914F-25147CCE4D1C}.Debug|Any CPU.ActiveCfg = Debug|Any CPU
		{EDAD1799-26C9-49FF-914F-25147CCE4D1C}.Debug|Any CPU.Build.0 = Debug|Any CPU
		{EDAD1799-26C9-49FF-914F-25147CCE4D1C}.Release|Any CPU.ActiveCfg = Release|Any CPU
		{EDAD1799-26C9-49FF-914F-25147CCE4D1C}.Release|Any CPU.Build.0 = Release|Any CPU
		{41D46513-CF99-47E3-BF03-A3017F3C1B32}.Debug|Any CPU.ActiveCfg = Debug|Any CPU
		{41D46513-CF99-47E3-BF03-A3017F3C1B32}.Debug|Any CPU.Build.0 = Debug|Any CPU
		{41D46513-CF99-47E3-BF03-A3017F3C1B32}.Release|Any CPU.ActiveCfg = Release|Any CPU
		{41D46513-CF99-47E3-BF03-A3017F3C1B32}.Release|Any CPU.Build.0 = Release|Any CPU
		{A085A31C-7080-4D8D-B1AF-481DDCFE29AF}.Debug|Any CPU.ActiveCfg = Debug|Any CPU
		{A085A31C-7080-4D8D-B1AF-481DDCFE29AF}.Debug|Any CPU.Build.0 = Debug|Any CPU
		{A085A31C-7080-4D8D-B1AF-481DDCFE29AF}.Release|Any CPU.ActiveCfg = Release|Any CPU
		{A085A31C-7080-4D8D-B1AF-481DDCFE29AF}.Release|Any CPU.Build.0 = Release|Any CPU
		{BD8BD2B7-2B83-425F-8AAE-A7073CBC3CF2}.Debug|Any CPU.ActiveCfg = Debug|Any CPU
		{BD8BD2B7-2B83-425F-8AAE-A7073CBC3CF2}.Debug|Any CPU.Build.0 = Debug|Any CPU
		{BD8BD2B7-2B83-425F-8AAE-A7073CBC3CF2}.Release|Any CPU.ActiveCfg = Release|Any CPU
		{BD8BD2B7-2B83-425F-8AAE-A7073CBC3CF2}.Release|Any CPU.Build.0 = Release|Any CPU
		{4C95419D-3A5F-446D-A4E5-4E9196FE180D}.Debug|Any CPU.ActiveCfg = Debug|Any CPU
		{4C95419D-3A5F-446D-A4E5-4E9196FE180D}.Debug|Any CPU.Build.0 = Debug|Any CPU
		{4C95419D-3A5F-446D-A4E5-4E9196FE180D}.Release|Any CPU.ActiveCfg = Release|Any CPU
		{4C95419D-3A5F-446D-A4E5-4E9196FE180D}.Release|Any CPU.Build.0 = Release|Any CPU
		{F61AB3BF-4A09-47C2-A8E0-70A55239F914}.Debug|Any CPU.ActiveCfg = Debug|Any CPU
		{F61AB3BF-4A09-47C2-A8E0-70A55239F914}.Debug|Any CPU.Build.0 = Debug|Any CPU
		{F61AB3BF-4A09-47C2-A8E0-70A55239F914}.Release|Any CPU.ActiveCfg = Release|Any CPU
		{F61AB3BF-4A09-47C2-A8E0-70A55239F914}.Release|Any CPU.Build.0 = Release|Any CPU
		{5DBE79D6-CCEC-44CA-94A2-10ED359260E0}.Debug|Any CPU.ActiveCfg = Debug|Any CPU
		{5DBE79D6-CCEC-44CA-94A2-10ED359260E0}.Debug|Any CPU.Build.0 = Debug|Any CPU
		{5DBE79D6-CCEC-44CA-94A2-10ED359260E0}.Release|Any CPU.ActiveCfg = Release|Any CPU
		{5DBE79D6-CCEC-44CA-94A2-10ED359260E0}.Release|Any CPU.Build.0 = Release|Any CPU
		{92BF1476-D5A7-4038-9899-8C3C88183754}.Debug|Any CPU.ActiveCfg = Debug|Any CPU
		{92BF1476-D5A7-4038-9899-8C3C88183754}.Debug|Any CPU.Build.0 = Debug|Any CPU
		{92BF1476-D5A7-4038-9899-8C3C88183754}.Release|Any CPU.ActiveCfg = Release|Any CPU
		{92BF1476-D5A7-4038-9899-8C3C88183754}.Release|Any CPU.Build.0 = Release|Any CPU
		{F901D6B1-CFC0-48EB-9382-792B46AEE9AF}.Debug|Any CPU.ActiveCfg = Debug|Any CPU
		{F901D6B1-CFC0-48EB-9382-792B46AEE9AF}.Debug|Any CPU.Build.0 = Debug|Any CPU
		{F901D6B1-CFC0-48EB-9382-792B46AEE9AF}.Release|Any CPU.ActiveCfg = Release|Any CPU
		{F901D6B1-CFC0-48EB-9382-792B46AEE9AF}.Release|Any CPU.Build.0 = Release|Any CPU
		{85852231-0A89-4DCA-8CB3-7E96290B313E}.Debug|Any CPU.ActiveCfg = Debug|Any CPU
		{85852231-0A89-4DCA-8CB3-7E96290B313E}.Debug|Any CPU.Build.0 = Debug|Any CPU
		{85852231-0A89-4DCA-8CB3-7E96290B313E}.Release|Any CPU.ActiveCfg = Release|Any CPU
		{85852231-0A89-4DCA-8CB3-7E96290B313E}.Release|Any CPU.Build.0 = Release|Any CPU
		{F17E3E34-B358-499B-9540-896962F93B86}.Debug|Any CPU.ActiveCfg = Debug|Any CPU
		{F17E3E34-B358-499B-9540-896962F93B86}.Debug|Any CPU.Build.0 = Debug|Any CPU
		{F17E3E34-B358-499B-9540-896962F93B86}.Release|Any CPU.ActiveCfg = Release|Any CPU
		{F17E3E34-B358-499B-9540-896962F93B86}.Release|Any CPU.Build.0 = Release|Any CPU
		{8032C4BE-5F1C-4EF7-A5DC-D2840B41A3CC}.Debug|Any CPU.ActiveCfg = Debug|Any CPU
		{8032C4BE-5F1C-4EF7-A5DC-D2840B41A3CC}.Debug|Any CPU.Build.0 = Debug|Any CPU
		{8032C4BE-5F1C-4EF7-A5DC-D2840B41A3CC}.Release|Any CPU.ActiveCfg = Release|Any CPU
		{8032C4BE-5F1C-4EF7-A5DC-D2840B41A3CC}.Release|Any CPU.Build.0 = Release|Any CPU
	EndGlobalSection
	GlobalSection(SolutionProperties) = preSolution
		HideSolutionNode = FALSE
	EndGlobalSection
	GlobalSection(ExtensibilityGlobals) = postSolution
		SolutionGuid = {B427BE75-39C6-4D45-9A3D-B81CED3A1B84}
	EndGlobalSection
EndGlobal
